
Microsoft Visual Studio Solution File, Format Version 12.00
# Visual Studio Version 16
VisualStudioVersion = 16.0.810.22
MinimumVisualStudioVersion = 10.0.40219.1
Project("{FAE04EC0-301F-11D3-BF4B-00C04F79EFBC}") = "MyFirstProgram", "MyFirstProgram\MyFirstProgram.csproj", "{7638FACF-92AE-4573-8AB8-5322EC487AFC}"
EndProject
Global
	GlobalSection(SolutionConfigurationPlatforms) = preSolution
		Debug|Any CPU = Debug|Any CPU
		Release|Any CPU = Release|Any CPU
	EndGlobalSection
	GlobalSection(ProjectConfigurationPlatforms) = postSolution
		{7638FACF-92AE-4573-8AB8-5322EC487AFC}.Debug|Any CPU.ActiveCfg = Debug|Any CPU
		{7638FACF-92AE-4573-8AB8-5322EC487AFC}.Debug|Any CPU.Build.0 = Debug|Any CPU
		{7638FACF-92AE-4573-8AB8-5322EC487AFC}.Release|Any CPU.ActiveCfg = Release|Any CPU
		{7638FACF-92AE-4573-8AB8-5322EC487AFC}.Release|Any CPU.Build.0 = Release|Any CPU
	EndGlobalSection
	GlobalSection(SolutionProperties) = preSolution
		HideSolutionNode = FALSE
	EndGlobalSection
	GlobalSection(ExtensibilityGlobals) = postSolution
		SolutionGuid = {A4E1B602-1989-4FB2-86C1-7A06F310694D}
	EndGlobalSection
EndGlobal
